{
  "name": "gdp",
  "version": "0.1.0",
  "lockfileVersion": 1,
  "requires": true,
  "dependencies": {
    "asap": {
      "version": "2.0.6",
      "resolved": "https://artifactory.globoi.com/artifactory/api/npm/shield/asap/-/asap-2.0.6.tgz?dl=https://registry.npmjs.org/asap/-/asap-2.0.6.tgz",
      "integrity": "sha1-5QNHYR1+aQlDIIu9r+vLwvuGbUY="
    },
    "babel-runtime": {
      "version": "6.26.0",
      "resolved": "https://artifactory.globoi.com/artifactory/api/npm/shield/babel-runtime/-/babel-runtime-6.26.0.tgz?dl=https://registry.npmjs.org/babel-runtime/-/babel-runtime-6.26.0.tgz",
      "integrity": "sha1-llxwWGaOgrVde/4E/yM3vItWR/4=",
      "requires": {
        "core-js": "2.5.7",
        "regenerator-runtime": "0.11.1"
      }
    },
    "classnames": {
      "version": "2.2.6",
      "resolved": "https://artifactory.globoi.com/artifactory/api/npm/shield/classnames/-/classnames-2.2.6.tgz?dl=https://registry.npmjs.org/classnames/-/classnames-2.2.6.tgz",
      "integrity": "sha1-Q5Nb/90pHzJtrQogUwmzjQD2UM4="
    },
    "core-js": {
      "version": "2.5.7",
      "resolved": "https://artifactory.globoi.com/artifactory/api/npm/shield/core-js/-/core-js-2.5.7.tgz?dl=https://registry.npmjs.org/core-js/-/core-js-2.5.7.tgz",
      "integrity": "sha1-+XJgj/DOrWi4QaFqky0LGDeRgU4="
    },
    "dom-helpers": {
      "version": "3.3.1",
      "resolved": "https://artifactory.globoi.com/artifactory/api/npm/shield/dom-helpers/-/dom-helpers-3.3.1.tgz?dl=https://registry.npmjs.org/dom-helpers/-/dom-helpers-3.3.1.tgz",
      "integrity": "sha1-/BpOFf/fYN3eA6SAqcD+zoId1KY="
    },
    "encoding": {
      "version": "0.1.12",
      "resolved": "https://artifactory.globoi.com/artifactory/api/npm/shield/encoding/-/encoding-0.1.12.tgz?dl=https://registry.npmjs.org/encoding/-/encoding-0.1.12.tgz",
      "integrity": "sha1-U4tm8+5izRq1HsMjgp0flIDHS+s=",
      "requires": {
        "iconv-lite": "0.4.23"
      }
    },
    "fbjs": {
      "version": "0.8.17",
      "resolved": "https://artifactory.globoi.com/artifactory/api/npm/shield/fbjs/-/fbjs-0.8.17.tgz?dl=https://registry.npmjs.org/fbjs/-/fbjs-0.8.17.tgz",
      "integrity": "sha1-xNWY6taUkRJlPWWIsBpc3Nn5D90=",
      "requires": {
        "core-js": "1.2.7",
        "isomorphic-fetch": "2.2.1",
        "loose-envify": "1.4.0",
        "object-assign": "4.1.1",
        "promise": "7.3.1",
        "setimmediate": "1.0.5",
        "ua-parser-js": "0.7.18"
      },
      "dependencies": {
        "core-js": {
          "version": "1.2.7",
          "resolved": "https://artifactory.globoi.com/artifactory/api/npm/shield/core-js/-/core-js-1.2.7.tgz?dl=https://registry.npmjs.org/core-js/-/core-js-1.2.7.tgz",
          "integrity": "sha1-ZSKUwUZR2yj6k70tX/KYOk8IxjY="
        }
      }
    },
    "iconv-lite": {
      "version": "0.4.23",
      "resolved": "https://artifactory.globoi.com/artifactory/api/npm/shield/iconv-lite/-/iconv-lite-0.4.23.tgz?dl=https://registry.npmjs.org/iconv-lite/-/iconv-lite-0.4.23.tgz",
      "integrity": "sha1-KXhx9jvlB63Pv8pxXQzQ7thOmmM=",
      "requires": {
        "safer-buffer": "2.1.2"
      }
    },
    "invariant": {
      "version": "2.2.4",
      "resolved": "https://artifactory.globoi.com/artifactory/api/npm/shield/invariant/-/invariant-2.2.4.tgz?dl=https://registry.npmjs.org/invariant/-/invariant-2.2.4.tgz",
      "integrity": "sha1-YQ88ksk1nOHbYW5TgAjSP/NRWOY=",
      "requires": {
        "loose-envify": "1.4.0"
      }
    },
    "is-stream": {
      "version": "1.1.0",
      "resolved": "https://artifactory.globoi.com/artifactory/api/npm/shield/is-stream/-/is-stream-1.1.0.tgz?dl=https://registry.npmjs.org/is-stream/-/is-stream-1.1.0.tgz",
      "integrity": "sha1-EtSj3U5o4Lec6428hBc66A2RykQ="
    },
    "isomorphic-fetch": {
      "version": "2.2.1",
      "resolved": "https://artifactory.globoi.com/artifactory/api/npm/shield/isomorphic-fetch/-/isomorphic-fetch-2.2.1.tgz?dl=https://registry.npmjs.org/isomorphic-fetch/-/isomorphic-fetch-2.2.1.tgz",
      "integrity": "sha1-YRrhrPFPXoH3KVB0coGf6XM1WKk=",
      "requires": {
        "node-fetch": "1.7.3",
        "whatwg-fetch": "2.0.4"
      }
    },
    "js-tokens": {
      "version": "4.0.0",
      "resolved": "https://artifactory.globoi.com/artifactory/api/npm/shield/js-tokens/-/js-tokens-4.0.0.tgz?dl=https://registry.npmjs.org/js-tokens/-/js-tokens-4.0.0.tgz",
      "integrity": "sha1-GSA/tZmR35jjoocFDUZHzerzJJk="
    },
    "keycode": {
      "version": "2.2.0",
      "resolved": "https://artifactory.globoi.com/artifactory/api/npm/shield/keycode/-/keycode-2.2.0.tgz?dl=https://registry.npmjs.org/keycode/-/keycode-2.2.0.tgz",
      "integrity": "sha1-PQr1bce4uOXLqNCpfxByBO7CKwQ="
    },
    "loose-envify": {
      "version": "1.4.0",
      "resolved": "https://artifactory.globoi.com/artifactory/api/npm/shield/loose-envify/-/loose-envify-1.4.0.tgz?dl=https://registry.npmjs.org/loose-envify/-/loose-envify-1.4.0.tgz",
      "integrity": "sha1-ce5R+nvkyuwaY4OffmgtgTLTDK8=",
      "requires": {
        "js-tokens": "4.0.0"
      }
    },
    "node-fetch": {
      "version": "1.7.3",
      "resolved": "https://artifactory.globoi.com/artifactory/api/npm/shield/node-fetch/-/node-fetch-1.7.3.tgz?dl=https://registry.npmjs.org/node-fetch/-/node-fetch-1.7.3.tgz",
      "integrity": "sha1-mA9vcthSEaU0fGsrwYxbhMPrR+8=",
      "requires": {
        "encoding": "0.1.12",
        "is-stream": "1.1.0"
      }
    },
    "object-assign": {
      "version": "4.1.1",
      "resolved": "https://artifactory.globoi.com/artifactory/api/npm/shield/object-assign/-/object-assign-4.1.1.tgz?dl=https://registry.npmjs.org/object-assign/-/object-assign-4.1.1.tgz",
      "integrity": "sha1-IQmtx5ZYh8/AXLvUQsrIv7s2CGM="
    },
    "promise": {
      "version": "7.3.1",
      "resolved": "https://artifactory.globoi.com/artifactory/api/npm/shield/promise/-/promise-7.3.1.tgz?dl=https://registry.npmjs.org/promise/-/promise-7.3.1.tgz",
      "integrity": "sha1-BktyYCsY+Q8pGSuLG8QY/9Hr078=",
      "requires": {
        "asap": "2.0.6"
      }
    },
    "prop-types": {
      "version": "15.6.2",
      "resolved": "https://artifactory.globoi.com/artifactory/api/npm/shield/prop-types/-/prop-types-15.6.2.tgz?dl=https://registry.npmjs.org/prop-types/-/prop-types-15.6.2.tgz",
      "integrity": "sha1-BdXKd7RFPphdYPx/+MhZCUpJcQI=",
      "requires": {
        "loose-envify": "1.4.0",
        "object-assign": "4.1.1"
      }
    },
    "prop-types-extra": {
      "version": "1.1.0",
      "resolved": "https://artifactory.globoi.com/artifactory/api/npm/shield/prop-types-extra/-/prop-types-extra-1.1.0.tgz?dl=https://registry.npmjs.org/prop-types-extra/-/prop-types-extra-1.1.0.tgz",
      "integrity": "sha1-MmCZEOotzxkDZrrNNJDVpkEqYF8=",
      "requires": {
        "react-is": "16.4.1",
        "warning": "3.0.0"
      }
    },
    "react": {
      "version": "16.4.1",
      "resolved": "https://artifactory.globoi.com/artifactory/api/npm/shield/react/-/react-16.4.1.tgz?dl=https://registry.npmjs.org/react/-/react-16.4.1.tgz",
      "integrity": "sha1-3lG6V2S1280fkHkDe4Yr0muC/jI=",
      "requires": {
        "fbjs": "0.8.17",
        "loose-envify": "1.4.0",
        "object-assign": "4.1.1",
        "prop-types": "15.6.2"
      }
    },
    "react-bootstrap": {
      "version": "0.32.1",
      "resolved": "https://artifactory.globoi.com/artifactory/api/npm/shield/react-bootstrap/-/react-bootstrap-0.32.1.tgz?dl=https://registry.npmjs.org/react-bootstrap/-/react-bootstrap-0.32.1.tgz",
      "integrity": "sha1-YGJMG0ijnXc+9szmQhpPM+zBZrs=",
      "requires": {
        "babel-runtime": "6.26.0",
        "classnames": "2.2.6",
        "dom-helpers": "3.3.1",
        "invariant": "2.2.4",
        "keycode": "2.2.0",
        "prop-types": "15.6.2",
        "prop-types-extra": "1.1.0",
        "react-overlays": "0.8.3",
        "react-prop-types": "0.4.0",
        "react-transition-group": "2.4.0",
        "uncontrollable": "4.1.0",
        "warning": "3.0.0"
      }
    },
    "react-dom": {
      "version": "16.4.1",
      "resolved": "https://artifactory.globoi.com/artifactory/api/npm/shield/react-dom/-/react-dom-16.4.1.tgz?dl=https://registry.npmjs.org/react-dom/-/react-dom-16.4.1.tgz",
      "integrity": "sha1-f4sCI7Ol++IFEWxW3rhd4yaF2tY=",
      "requires": {
        "fbjs": "0.8.17",
        "loose-envify": "1.4.0",
        "object-assign": "4.1.1",
        "prop-types": "15.6.2"
      }
    },
    "react-is": {
      "version": "16.4.1",
      "resolved": "https://artifactory.globoi.com/artifactory/api/npm/shield/react-is/-/react-is-16.4.1.tgz?dl=https://registry.npmjs.org/react-is/-/react-is-16.4.1.tgz",
      "integrity": "sha1-1iTEZQ0sZdvVLHJiK784lDXZd24="
    },
    "react-lifecycles-compat": {
      "version": "3.0.4",
      "resolved": "https://artifactory.globoi.com/artifactory/api/npm/shield/react-lifecycles-compat/-/react-lifecycles-compat-3.0.4.tgz?dl=https://registry.npmjs.org/react-lifecycles-compat/-/react-lifecycles-compat-3.0.4.tgz",
      "integrity": "sha1-TxonOv38jzSIqMUWv9p4+HI1I2I="
    },
    "react-overlays": {
      "version": "0.8.3",
      "resolved": "https://artifactory.globoi.com/artifactory/api/npm/shield/react-overlays/-/react-overlays-0.8.3.tgz?dl=https://registry.npmjs.org/react-overlays/-/react-overlays-0.8.3.tgz",
      "integrity": "sha1-+tZe6lskMBzKGSoWn13dsLINOsU=",
      "requires": {
        "classnames": "2.2.6",
        "dom-helpers": "3.3.1",
        "prop-types": "15.6.2",
        "prop-types-extra": "1.1.0",
        "react-transition-group": "2.4.0",
        "warning": "3.0.0"
      }
    },
    "react-prop-types": {
      "version": "0.4.0",
      "resolved": "https://artifactory.globoi.com/artifactory/api/npm/shield/react-prop-types/-/react-prop-types-0.4.0.tgz?dl=https://registry.npmjs.org/react-prop-types/-/react-prop-types-0.4.0.tgz",
      "integrity": "sha1-+ZsL+0AGkpya8gUefBQUpcdbk9A=",
      "requires": {
        "warning": "3.0.0"
      }
    },
    "react-transition-group": {
      "version": "2.4.0",
      "resolved": "https://artifactory.globoi.com/artifactory/api/npm/shield/react-transition-group/-/react-transition-group-2.4.0.tgz?dl=https://registry.npmjs.org/react-transition-group/-/react-transition-group-2.4.0.tgz",
      "integrity": "sha1-HZOR+r/YLgFvJvq9Huwynb2SK1o=",
      "requires": {
        "dom-helpers": "3.3.1",
        "loose-envify": "1.4.0",
        "prop-types": "15.6.2",
        "react-lifecycles-compat": "3.0.4"
      }
    },
    "regenerator-runtime": {
      "version": "0.11.1",
      "resolved": "https://artifactory.globoi.com/artifactory/api/npm/shield/regenerator-runtime/-/regenerator-runtime-0.11.1.tgz?dl=https://registry.npmjs.org/regenerator-runtime/-/regenerator-runtime-0.11.1.tgz",
      "integrity": "sha1-vgWtf5v30i4Fb5cmzuUBf78Z4uk="
    },
    "safer-buffer": {
      "version": "2.1.2",
      "resolved": "https://artifactory.globoi.com/artifactory/api/npm/shield/safer-buffer/-/safer-buffer-2.1.2.tgz?dl=https://registry.npmjs.org/safer-buffer/-/safer-buffer-2.1.2.tgz",
      "integrity": "sha1-RPoWGwGHuVSd2Eu5GAL5vYOFzWo="
    },
    "setimmediate": {
      "version": "1.0.5",
      "resolved": "https://artifactory.globoi.com/artifactory/api/npm/shield/setimmediate/-/setimmediate-1.0.5.tgz?dl=https://registry.npmjs.org/setimmediate/-/setimmediate-1.0.5.tgz",
      "integrity": "sha1-KQy7Iy4waULX1+qbg3Mqt4VvgoU="
    },
    "ua-parser-js": {
      "version": "0.7.18",
      "resolved": "https://artifactory.globoi.com/artifactory/api/npm/shield/ua-parser-js/-/ua-parser-js-0.7.18.tgz?dl=https://registry.npmjs.org/ua-parser-js/-/ua-parser-js-0.7.18.tgz",
      "integrity": "sha1-p7/ZL1bt+xFwg7aeMdKqiILUse0="
    },
    "uncontrollable": {
      "version": "4.1.0",
      "resolved": "https://artifactory.globoi.com/artifactory/api/npm/shield/uncontrollable/-/uncontrollable-4.1.0.tgz?dl=https://registry.npmjs.org/uncontrollable/-/uncontrollable-4.1.0.tgz",
      "integrity": "sha1-4DWCkSUuGGUiLZCTmxny9J+Bwak=",
      "requires": {
        "invariant": "2.2.4"
      }
    },
    "warning": {
      "version": "3.0.0",
      "resolved": "https://artifactory.globoi.com/artifactory/api/npm/shield/warning/-/warning-3.0.0.tgz?dl=https://registry.npmjs.org/warning/-/warning-3.0.0.tgz",
      "integrity": "sha1-MuU3fLVy3kqwR1O9+IIcAe1gW3w=",
      "requires": {
        "loose-envify": "1.4.0"
      }
    },
    "whatwg-fetch": {
      "version": "2.0.4",
      "resolved": "https://artifactory.globoi.com/artifactory/api/npm/shield/whatwg-fetch/-/whatwg-fetch-2.0.4.tgz?dl=https://registry.npmjs.org/whatwg-fetch/-/whatwg-fetch-2.0.4.tgz",
      "integrity": "sha1-3eal3zFfnTmZGqF2IYU9cguFVm8="
    }
  }
}
